// !$*UTF8*$!
{
	archiveVersion = 1;
	classes = {
	};
	objectVersion = 50;
	objects = {

/* Begin PBXBuildFile section */
		42271E23211CA52100AEF681 /* Forecast10dayStructure.swift in Sources */ = {isa = PBXBuildFile; fileRef = 42271E22211CA52100AEF681 /* Forecast10dayStructure.swift */; };
		42271E25211CA74A00AEF681 /* Forecast10dayCell.swift in Sources */ = {isa = PBXBuildFile; fileRef = 42271E24211CA74A00AEF681 /* Forecast10dayCell.swift */; };
		425080FD2146823D0040ACE4 /* SearchControllerHelper.swift in Sources */ = {isa = PBXBuildFile; fileRef = 425080FC2146823D0040ACE4 /* SearchControllerHelper.swift */; };
		42A76CD7211DBD5200E07FEA /* SearchResults.swift in Sources */ = {isa = PBXBuildFile; fileRef = 42A76CD6211DBD5200E07FEA /* SearchResults.swift */; };
		42A76CD9211DD6DD00E07FEA /* WeatherHelper.swift in Sources */ = {isa = PBXBuildFile; fileRef = 42A76CD8211DD6DD00E07FEA /* WeatherHelper.swift */; };
		42A76CDB211DD78A00E07FEA /* Forecast10dayService.swift in Sources */ = {isa = PBXBuildFile; fileRef = 42A76CDA211DD78A00E07FEA /* Forecast10dayService.swift */; };
		42A76CDE211DD83A00E07FEA /* HourDayCollViewService.swift in Sources */ = {isa = PBXBuildFile; fileRef = 42A76CDD211DD83A00E07FEA /* HourDayCollViewService.swift */; };
		42A76CE0211EF03E00E07FEA /* GoogleHelper.swift in Sources */ = {isa = PBXBuildFile; fileRef = 42A76CDF211EF03E00E07FEA /* GoogleHelper.swift */; };
		42EFDCA1210611CB000E9D86 /* AppDelegate.swift in Sources */ = {isa = PBXBuildFile; fileRef = 42EFDCA0210611CB000E9D86 /* AppDelegate.swift */; };
		42EFDCA3210611CB000E9D86 /* CurrentWeatherViewController.swift in Sources */ = {isa = PBXBuildFile; fileRef = 42EFDCA2210611CB000E9D86 /* CurrentWeatherViewController.swift */; };
		42EFDCA6210611CB000E9D86 /* Main.storyboard in Resources */ = {isa = PBXBuildFile; fileRef = 42EFDCA4210611CB000E9D86 /* Main.storyboard */; };
		42EFDCA9210611CB000E9D86 /* weather.xcdatamodeld in Sources */ = {isa = PBXBuildFile; fileRef = 42EFDCA7210611CB000E9D86 /* weather.xcdatamodeld */; };
		42EFDCAB210611CD000E9D86 /* Assets.xcassets in Resources */ = {isa = PBXBuildFile; fileRef = 42EFDCAA210611CD000E9D86 /* Assets.xcassets */; };
		42EFDCAE210611CD000E9D86 /* LaunchScreen.storyboard in Resources */ = {isa = PBXBuildFile; fileRef = 42EFDCAC210611CD000E9D86 /* LaunchScreen.storyboard */; };
		42EFDCB6210611EC000E9D86 /* CoreData.swift in Sources */ = {isa = PBXBuildFile; fileRef = 42EFDCB5210611EC000E9D86 /* CoreData.swift */; };
		42EFDCB821061CA7000E9D86 /* GetJsonData.swift in Sources */ = {isa = PBXBuildFile; fileRef = 42EFDCB721061CA7000E9D86 /* GetJsonData.swift */; };
		42EFDCC2210644BF000E9D86 /* HourDayStructure.swift in Sources */ = {isa = PBXBuildFile; fileRef = 42EFDCC1210644BF000E9D86 /* HourDayStructure.swift */; };
		42EFDCC62107635A000E9D86 /* LocationHelper.swift in Sources */ = {isa = PBXBuildFile; fileRef = 42EFDCC52107635A000E9D86 /* LocationHelper.swift */; };
		42EFDCC821077AC6000E9D86 /* HourDayCell.swift in Sources */ = {isa = PBXBuildFile; fileRef = 42EFDCC721077AC6000E9D86 /* HourDayCell.swift */; };
		42EFDCCB21091D15000E9D86 /* CurrentTempStructure.swift in Sources */ = {isa = PBXBuildFile; fileRef = 42EFDCCA21091D15000E9D86 /* CurrentTempStructure.swift */; };
		42EFDCCD21092C26000E9D86 /* Download&CacheImeg.swift in Sources */ = {isa = PBXBuildFile; fileRef = 42EFDCCC21092C26000E9D86 /* Download&CacheImeg.swift */; };
		EEF9068478AF92CAA7086055 /* libPods-weather.a in Frameworks */ = {isa = PBXBuildFile; fileRef = C95DA4E325F3DB30B591F25D /* libPods-weather.a */; };
/* End PBXBuildFile section */

/* Begin PBXFileReference section */
		4031009FF8599F336B1EB93D /* Pods-weather.debug.xcconfig */ = {isa = PBXFileReference; includeInIndex = 1; lastKnownFileType = text.xcconfig; name = "Pods-weather.debug.xcconfig"; path = "Pods/Target Support Files/Pods-weather/Pods-weather.debug.xcconfig"; sourceTree = "<group>"; };
		42271E22211CA52100AEF681 /* Forecast10dayStructure.swift */ = {isa = PBXFileReference; lastKnownFileType = sourcecode.swift; path = Forecast10dayStructure.swift; sourceTree = "<group>"; };
		42271E24211CA74A00AEF681 /* Forecast10dayCell.swift */ = {isa = PBXFileReference; lastKnownFileType = sourcecode.swift; path = Forecast10dayCell.swift; sourceTree = "<group>"; };
		425080FC2146823D0040ACE4 /* SearchControllerHelper.swift */ = {isa = PBXFileReference; lastKnownFileType = sourcecode.swift; path = SearchControllerHelper.swift; sourceTree = "<group>"; };
		42A76CD6211DBD5200E07FEA /* SearchResults.swift */ = {isa = PBXFileReference; lastKnownFileType = sourcecode.swift; path = SearchResults.swift; sourceTree = "<group>"; };
		42A76CD8211DD6DD00E07FEA /* WeatherHelper.swift */ = {isa = PBXFileReference; lastKnownFileType = sourcecode.swift; path = WeatherHelper.swift; sourceTree = "<group>"; };
		42A76CDA211DD78A00E07FEA /* Forecast10dayService.swift */ = {isa = PBXFileReference; lastKnownFileType = sourcecode.swift; path = Forecast10dayService.swift; sourceTree = "<group>"; };
		42A76CDD211DD83A00E07FEA /* HourDayCollViewService.swift */ = {isa = PBXFileReference; lastKnownFileType = sourcecode.swift; path = HourDayCollViewService.swift; sourceTree = "<group>"; };
		42A76CDF211EF03E00E07FEA /* GoogleHelper.swift */ = {isa = PBXFileReference; lastKnownFileType = sourcecode.swift; path = GoogleHelper.swift; sourceTree = "<group>"; };
		42EFDC9D210611CB000E9D86 /* weather.app */ = {isa = PBXFileReference; explicitFileType = wrapper.application; includeInIndex = 0; path = weather.app; sourceTree = BUILT_PRODUCTS_DIR; };
		42EFDCA0210611CB000E9D86 /* AppDelegate.swift */ = {isa = PBXFileReference; lastKnownFileType = sourcecode.swift; path = AppDelegate.swift; sourceTree = "<group>"; };
		42EFDCA2210611CB000E9D86 /* CurrentWeatherViewController.swift */ = {isa = PBXFileReference; lastKnownFileType = sourcecode.swift; path = CurrentWeatherViewController.swift; sourceTree = "<group>"; };
		42EFDCA5210611CB000E9D86 /* Base */ = {isa = PBXFileReference; lastKnownFileType = file.storyboard; name = Base; path = Base.lproj/Main.storyboard; sourceTree = "<group>"; };
		42EFDCA8210611CB000E9D86 /* weather.xcdatamodel */ = {isa = PBXFileReference; lastKnownFileType = wrapper.xcdatamodel; path = weather.xcdatamodel; sourceTree = "<group>"; };
		42EFDCAA210611CD000E9D86 /* Assets.xcassets */ = {isa = PBXFileReference; lastKnownFileType = folder.assetcatalog; path = Assets.xcassets; sourceTree = "<group>"; };
		42EFDCAD210611CD000E9D86 /* Base */ = {isa = PBXFileReference; lastKnownFileType = file.storyboard; name = Base; path = Base.lproj/LaunchScreen.storyboard; sourceTree = "<group>"; };
		42EFDCAF210611CD000E9D86 /* Info.plist */ = {isa = PBXFileReference; lastKnownFileType = text.plist.xml; path = Info.plist; sourceTree = "<group>"; };
		42EFDCB5210611EC000E9D86 /* CoreData.swift */ = {isa = PBXFileReference; lastKnownFileType = sourcecode.swift; path = CoreData.swift; sourceTree = "<group>"; };
		42EFDCB721061CA7000E9D86 /* GetJsonData.swift */ = {isa = PBXFileReference; lastKnownFileType = sourcecode.swift; path = GetJsonData.swift; sourceTree = "<group>"; };
		42EFDCC1210644BF000E9D86 /* HourDayStructure.swift */ = {isa = PBXFileReference; lastKnownFileType = sourcecode.swift; path = HourDayStructure.swift; sourceTree = "<group>"; };
		42EFDCC52107635A000E9D86 /* LocationHelper.swift */ = {isa = PBXFileReference; lastKnownFileType = sourcecode.swift; path = LocationHelper.swift; sourceTree = "<group>"; };
		42EFDCC721077AC6000E9D86 /* HourDayCell.swift */ = {isa = PBXFileReference; lastKnownFileType = sourcecode.swift; path = HourDayCell.swift; sourceTree = "<group>"; };
		42EFDCCA21091D15000E9D86 /* CurrentTempStructure.swift */ = {isa = PBXFileReference; lastKnownFileType = sourcecode.swift; path = CurrentTempStructure.swift; sourceTree = "<group>"; };
		42EFDCCC21092C26000E9D86 /* Download&CacheImeg.swift */ = {isa = PBXFileReference; lastKnownFileType = sourcecode.swift; path = "Download&CacheImeg.swift"; sourceTree = "<group>"; };
		C95DA4E325F3DB30B591F25D /* libPods-weather.a */ = {isa = PBXFileReference; explicitFileType = archive.ar; includeInIndex = 0; path = "libPods-weather.a"; sourceTree = BUILT_PRODUCTS_DIR; };
		D319B979464A503B8A0456E9 /* Pods-weather.release.xcconfig */ = {isa = PBXFileReference; includeInIndex = 1; lastKnownFileType = text.xcconfig; name = "Pods-weather.release.xcconfig"; path = "Pods/Target Support Files/Pods-weather/Pods-weather.release.xcconfig"; sourceTree = "<group>"; };
/* End PBXFileReference section */

/* Begin PBXFrameworksBuildPhase section */
		42EFDC9A210611CB000E9D86 /* Frameworks */ = {
			isa = PBXFrameworksBuildPhase;
			buildActionMask = 2147483647;
			files = (
				EEF9068478AF92CAA7086055 /* libPods-weather.a in Frameworks */,
			);
			runOnlyForDeploymentPostprocessing = 0;
		};
/* End PBXFrameworksBuildPhase section */

/* Begin PBXGroup section */
		2AA743F1D96A2677D51472DD /* Frameworks */ = {
			isa = PBXGroup;
			children = (
				C95DA4E325F3DB30B591F25D /* libPods-weather.a */,
			);
			name = Frameworks;
			sourceTree = "<group>";
		};
		425080FE2146839C0040ACE4 /* SearchControllerService */ = {
			isa = PBXGroup;
			children = (
				42A76CD6211DBD5200E07FEA /* SearchResults.swift */,
				425080FC2146823D0040ACE4 /* SearchControllerHelper.swift */,
			);
			path = SearchControllerService;
			sourceTree = "<group>";
		};
		42A76CDC211DD7F100E07FEA /* WeatherService */ = {
			isa = PBXGroup;
			children = (
				42A76CD8211DD6DD00E07FEA /* WeatherHelper.swift */,
				42A76CDA211DD78A00E07FEA /* Forecast10dayService.swift */,
				42A76CDD211DD83A00E07FEA /* HourDayCollViewService.swift */,
			);
			path = WeatherService;
			sourceTree = "<group>";
		};
		42A76CE1211EF05E00E07FEA /* GoogleService */ = {
			isa = PBXGroup;
			children = (
				42A76CDF211EF03E00E07FEA /* GoogleHelper.swift */,
			);
			path = GoogleService;
			sourceTree = "<group>";
		};
		42D830A42125848E00E7CD4B /* LocationHelper */ = {
			isa = PBXGroup;
			children = (
				42EFDCC52107635A000E9D86 /* LocationHelper.swift */,
			);
			path = LocationHelper;
			sourceTree = "<group>";
		};
		42EFDC94210611CB000E9D86 = {
			isa = PBXGroup;
			children = (
				42EFDC9F210611CB000E9D86 /* weather */,
				42EFDC9E210611CB000E9D86 /* Products */,
				A1F88461D46EF5825D59B2A1 /* Pods */,
				2AA743F1D96A2677D51472DD /* Frameworks */,
			);
			sourceTree = "<group>";
		};
		42EFDC9E210611CB000E9D86 /* Products */ = {
			isa = PBXGroup;
			children = (
				42EFDC9D210611CB000E9D86 /* weather.app */,
			);
			name = Products;
			sourceTree = "<group>";
		};
		42EFDC9F210611CB000E9D86 /* weather */ = {
			isa = PBXGroup;
			children = (
				42EFDCA0210611CB000E9D86 /* AppDelegate.swift */,
				42EFDCBA21061CCD000E9D86 /* Controllers */,
				425080FE2146839C0040ACE4 /* SearchControllerService */,
				42A76CE1211EF05E00E07FEA /* GoogleService */,
				42A76CDC211DD7F100E07FEA /* WeatherService */,
				42EFDCB921061CB5000E9D86 /* JsonHelper */,
				42D830A42125848E00E7CD4B /* LocationHelper */,
				42EFDCC021064458000E9D86 /* DataStructure */,
				42EFDCC921077AD5000E9D86 /* Cell */,
				42EFDCBB21061CDF000E9D86 /* CoreData */,
				42EFDCCE21092C6D000E9D86 /* ImageHelper */,
				42EFDCA4210611CB000E9D86 /* Main.storyboard */,
				42EFDCAA210611CD000E9D86 /* Assets.xcassets */,
				42EFDCAC210611CD000E9D86 /* LaunchScreen.storyboard */,
				42EFDCAF210611CD000E9D86 /* Info.plist */,
				42EFDCA7210611CB000E9D86 /* weather.xcdatamodeld */,
			);
			path = weather;
			sourceTree = "<group>";
		};
		42EFDCB921061CB5000E9D86 /* JsonHelper */ = {
			isa = PBXGroup;
			children = (
				42EFDCB721061CA7000E9D86 /* GetJsonData.swift */,
			);
			path = JsonHelper;
			sourceTree = "<group>";
		};
		42EFDCBA21061CCD000E9D86 /* Controllers */ = {
			isa = PBXGroup;
			children = (
				42EFDCA2210611CB000E9D86 /* CurrentWeatherViewController.swift */,
			);
			path = Controllers;
			sourceTree = "<group>";
		};
		42EFDCBB21061CDF000E9D86 /* CoreData */ = {
			isa = PBXGroup;
			children = (
				42EFDCB5210611EC000E9D86 /* CoreData.swift */,
			);
			path = CoreData;
			sourceTree = "<group>";
		};
		42EFDCC021064458000E9D86 /* DataStructure */ = {
			isa = PBXGroup;
			children = (
				42EFDCC1210644BF000E9D86 /* HourDayStructure.swift */,
				42EFDCCA21091D15000E9D86 /* CurrentTempStructure.swift */,
				42271E22211CA52100AEF681 /* Forecast10dayStructure.swift */,
			);
			path = DataStructure;
			sourceTree = "<group>";
		};
		42EFDCC921077AD5000E9D86 /* Cell */ = {
			isa = PBXGroup;
			children = (
				42EFDCC721077AC6000E9D86 /* HourDayCell.swift */,
				42271E24211CA74A00AEF681 /* Forecast10dayCell.swift */,
			);
			path = Cell;
			sourceTree = "<group>";
		};
		42EFDCCE21092C6D000E9D86 /* ImageHelper */ = {
			isa = PBXGroup;
			children = (
				42EFDCCC21092C26000E9D86 /* Download&CacheImeg.swift */,
			);
			path = ImageHelper;
			sourceTree = "<group>";
		};
		A1F88461D46EF5825D59B2A1 /* Pods */ = {
			isa = PBXGroup;
			children = (
				4031009FF8599F336B1EB93D /* Pods-weather.debug.xcconfig */,
				D319B979464A503B8A0456E9 /* Pods-weather.release.xcconfig */,
			);
			name = Pods;
			sourceTree = "<group>";
		};
/* End PBXGroup section */

/* Begin PBXNativeTarget section */
		42EFDC9C210611CB000E9D86 /* weather */ = {
			isa = PBXNativeTarget;
			buildConfigurationList = 42EFDCB2210611CD000E9D86 /* Build configuration list for PBXNativeTarget "weather" */;
			buildPhases = (
				FF14FF5356F96CFBE6832C91 /* [CP] Check Pods Manifest.lock */,
				42EFDC99210611CB000E9D86 /* Sources */,
				42EFDC9A210611CB000E9D86 /* Frameworks */,
				42EFDC9B210611CB000E9D86 /* Resources */,
				81243223E241ABC67E974050 /* [CP] Copy Pods Resources */,
			);
			buildRules = (
			);
			dependencies = (
			);
			name = weather;
			productName = weather;
			productReference = 42EFDC9D210611CB000E9D86 /* weather.app */;
			productType = "com.apple.product-type.application";
		};
/* End PBXNativeTarget section */

/* Begin PBXProject section */
		42EFDC95210611CB000E9D86 /* Project object */ = {
			isa = PBXProject;
			attributes = {
				LastSwiftUpdateCheck = 0940;
				LastUpgradeCheck = 0940;
				ORGANIZATIONNAME = "Александр Харченко";
				TargetAttributes = {
					42EFDC9C210611CB000E9D86 = {
						CreatedOnToolsVersion = 9.4.1;
					};
				};
			};
			buildConfigurationList = 42EFDC98210611CB000E9D86 /* Build configuration list for PBXProject "weather" */;
			compatibilityVersion = "Xcode 9.3";
			developmentRegion = en;
			hasScannedForEncodings = 0;
			knownRegions = (
				en,
				Base,
			);
			mainGroup = 42EFDC94210611CB000E9D86;
			productRefGroup = 42EFDC9E210611CB000E9D86 /* Products */;
			projectDirPath = "";
			projectRoot = "";
			targets = (
				42EFDC9C210611CB000E9D86 /* weather */,
			);
		};
/* End PBXProject section */

/* Begin PBXResourcesBuildPhase section */
		42EFDC9B210611CB000E9D86 /* Resources */ = {
			isa = PBXResourcesBuildPhase;
			buildActionMask = 2147483647;
			files = (
				42EFDCAE210611CD000E9D86 /* LaunchScreen.storyboard in Resources */,
				42EFDCAB210611CD000E9D86 /* Assets.xcassets in Resources */,
				42EFDCA6210611CB000E9D86 /* Main.storyboard in Resources */,
			);
			runOnlyForDeploymentPostprocessing = 0;
		};
/* End PBXResourcesBuildPhase section */

/* Begin PBXShellScriptBuildPhase section */
		81243223E241ABC67E974050 /* [CP] Copy Pods Resources */ = {
			isa = PBXShellScriptBuildPhase;
			buildActionMask = 2147483647;
			files = (
			);
			inputPaths = (
				"${SRCROOT}/Pods/Target Support Files/Pods-weather/Pods-weather-resources.sh",
				"${PODS_ROOT}/GoogleMaps/Maps/Frameworks/GoogleMaps.framework/Resources/GoogleMaps.bundle",
				"${PODS_ROOT}/GooglePlacePicker/Frameworks/GooglePlacePicker.framework/Resources/GooglePlacePicker.bundle",
				"${PODS_ROOT}/GooglePlaces/Frameworks/GooglePlaces.framework/Resources/GooglePlaces.bundle",
			);
			name = "[CP] Copy Pods Resources";
			outputPaths = (
				"${TARGET_BUILD_DIR}/${UNLOCALIZED_RESOURCES_FOLDER_PATH}/GoogleMaps.bundle",
				"${TARGET_BUILD_DIR}/${UNLOCALIZED_RESOURCES_FOLDER_PATH}/GooglePlacePicker.bundle",
				"${TARGET_BUILD_DIR}/${UNLOCALIZED_RESOURCES_FOLDER_PATH}/GooglePlaces.bundle",
			);
			runOnlyForDeploymentPostprocessing = 0;
			shellPath = /bin/sh;
			shellScript = "\"${SRCROOT}/Pods/Target Support Files/Pods-weather/Pods-weather-resources.sh\"\n";
			showEnvVarsInLog = 0;
		};
		FF14FF5356F96CFBE6832C91 /* [CP] Check Pods Manifest.lock */ = {
			isa = PBXShellScriptBuildPhase;
			buildActionMask = 2147483647;
			files = (
			);
			inputPaths = (
				"${PODS_PODFILE_DIR_PATH}/Podfile.lock",
				"${PODS_ROOT}/Manifest.lock",
			);
			name = "[CP] Check Pods Manifest.lock";
			outputPaths = (
				"$(DERIVED_FILE_DIR)/Pods-weather-checkManifestLockResult.txt",
			);
			runOnlyForDeploymentPostprocessing = 0;
			shellPath = /bin/sh;
			shellScript = "diff \"${PODS_PODFILE_DIR_PATH}/Podfile.lock\" \"${PODS_ROOT}/Manifest.lock\" > /dev/null\nif [ $? != 0 ] ; then\n    # print error to STDERR\n    echo \"error: The sandbox is not in sync with the Podfile.lock. Run 'pod install' or update your CocoaPods installation.\" >&2\n    exit 1\nfi\n# This output is used by Xcode 'outputs' to avoid re-running this script phase.\necho \"SUCCESS\" > \"${SCRIPT_OUTPUT_FILE_0}\"\n";
			showEnvVarsInLog = 0;
		};
/* End PBXShellScriptBuildPhase section */

/* Begin PBXSourcesBuildPhase section */
		42EFDC99210611CB000E9D86 /* Sources */ = {
			isa = PBXSourcesBuildPhase;
			buildActionMask = 2147483647;
			files = (
				42A76CE0211EF03E00E07FEA /* GoogleHelper.swift in Sources */,
				425080FD2146823D0040ACE4 /* SearchControllerHelper.swift in Sources */,
				42A76CDE211DD83A00E07FEA /* HourDayCollViewService.swift in Sources */,
				42EFDCB821061CA7000E9D86 /* GetJsonData.swift in Sources */,
				42EFDCCB21091D15000E9D86 /* CurrentTempStructure.swift in Sources */,
				42EFDCB6210611EC000E9D86 /* CoreData.swift in Sources */,
				42EFDCC821077AC6000E9D86 /* HourDayCell.swift in Sources */,
				42A76CD9211DD6DD00E07FEA /* WeatherHelper.swift in Sources */,
				42A76CDB211DD78A00E07FEA /* Forecast10dayService.swift in Sources */,
				42EFDCA9210611CB000E9D86 /* weather.xcdatamodeld in Sources */,
				42271E25211CA74A00AEF681 /* Forecast10dayCell.swift in Sources */,
				42EFDCC2210644BF000E9D86 /* HourDayStructure.swift in Sources */,
				42EFDCA3210611CB000E9D86 /* CurrentWeatherViewController.swift in Sources */,
				42A76CD7211DBD5200E07FEA /* SearchResults.swift in Sources */,
				42271E23211CA52100AEF681 /* Forecast10dayStructure.swift in Sources */,
				42EFDCCD21092C26000E9D86 /* Download&CacheImeg.swift in Sources */,
				42EFDCA1210611CB000E9D86 /* AppDelegate.swift in Sources */,
				42EFDCC62107635A000E9D86 /* LocationHelper.swift in Sources */,
			);
			runOnlyForDeploymentPostprocessing = 0;
		};
/* End PBXSourcesBuildPhase section */

/* Begin PBXVariantGroup section */
		42EFDCA4210611CB000E9D86 /* Main.storyboard */ = {
			isa = PBXVariantGroup;
			children = (
				42EFDCA5210611CB000E9D86 /* Base */,
			);
			name = Main.storyboard;
			sourceTree = "<group>";
		};
		42EFDCAC210611CD000E9D86 /* LaunchScreen.storyboard */ = {
			isa = PBXVariantGroup;
			children = (
				42EFDCAD210611CD000E9D86 /* Base */,
			);
			name = LaunchScreen.storyboard;
			sourceTree = "<group>";
		};
/* End PBXVariantGroup section */

/* Begin XCBuildConfiguration section */
		42EFDCB0210611CD000E9D86 /* Debug */ = {
			isa = XCBuildConfiguration;
			buildSettings = {
				ALWAYS_SEARCH_USER_PATHS = NO;
				CLANG_ANALYZER_NONNULL = YES;
				CLANG_ANALYZER_NUMBER_OBJECT_CONVERSION = YES_AGGRESSIVE;
				CLANG_CXX_LANGUAGE_STANDARD = "gnu++14";
				CLANG_CXX_LIBRARY = "libc++";
				CLANG_ENABLE_MODULES = YES;
				CLANG_ENABLE_OBJC_ARC = YES;
				CLANG_ENABLE_OBJC_WEAK = YES;
				CLANG_WARN_BLOCK_CAPTURE_AUTORELEASING = YES;
				CLANG_WARN_BOOL_CONVERSION = YES;
				CLANG_WARN_COMMA = YES;
				CLANG_WARN_CONSTANT_CONVERSION = YES;
				CLANG_WARN_DEPRECATED_OBJC_IMPLEMENTATIONS = YES;
				CLANG_WARN_DIRECT_OBJC_ISA_USAGE = YES_ERROR;
				CLANG_WARN_DOCUMENTATION_COMMENTS = YES;
				CLANG_WARN_EMPTY_BODY = YES;
				CLANG_WARN_ENUM_CONVERSION = YES;
				CLANG_WARN_INFINITE_RECURSION = YES;
				CLANG_WARN_INT_CONVERSION = YES;
				CLANG_WARN_NON_LITERAL_NULL_CONVERSION = YES;
				CLANG_WARN_OBJC_IMPLICIT_RETAIN_SELF = YES;
				CLANG_WARN_OBJC_LITERAL_CONVERSION = YES;
				CLANG_WARN_OBJC_ROOT_CLASS = YES_ERROR;
				CLANG_WARN_RANGE_LOOP_ANALYSIS = YES;
				CLANG_WARN_STRICT_PROTOTYPES = YES;
				CLANG_WARN_SUSPICIOUS_MOVE = YES;
				CLANG_WARN_UNGUARDED_AVAILABILITY = YES_AGGRESSIVE;
				CLANG_WARN_UNREACHABLE_CODE = YES;
				CLANG_WARN__DUPLICATE_METHOD_MATCH = YES;
				CODE_SIGN_IDENTITY = "iPhone Developer";
				COPY_PHASE_STRIP = NO;
				DEBUG_INFORMATION_FORMAT = dwarf;
				ENABLE_STRICT_OBJC_MSGSEND = YES;
				ENABLE_TESTABILITY = YES;
				GCC_C_LANGUAGE_STANDARD = gnu11;
				GCC_DYNAMIC_NO_PIC = NO;
				GCC_NO_COMMON_BLOCKS = YES;
				GCC_OPTIMIZATION_LEVEL = 0;
				GCC_PREPROCESSOR_DEFINITIONS = (
					"DEBUG=1",
					"$(inherited)",
				);
				GCC_WARN_64_TO_32_BIT_CONVERSION = YES;
				GCC_WARN_ABOUT_RETURN_TYPE = YES_ERROR;
				GCC_WARN_UNDECLARED_SELECTOR = YES;
				GCC_WARN_UNINITIALIZED_AUTOS = YES_AGGRESSIVE;
				GCC_WARN_UNUSED_FUNCTION = YES;
				GCC_WARN_UNUSED_VARIABLE = YES;
				IPHONEOS_DEPLOYMENT_TARGET = 11.4;
				MTL_ENABLE_DEBUG_INFO = YES;
				ONLY_ACTIVE_ARCH = YES;
				SDKROOT = iphoneos;
				SWIFT_ACTIVE_COMPILATION_CONDITIONS = DEBUG;
				SWIFT_OPTIMIZATION_LEVEL = "-Onone";
			};
			name = Debug;
		};
		42EFDCB1210611CD000E9D86 /* Release */ = {
			isa = XCBuildConfiguration;
			buildSettings = {
				ALWAYS_SEARCH_USER_PATHS = NO;
				CLANG_ANALYZER_NONNULL = YES;
				CLANG_ANALYZER_NUMBER_OBJECT_CONVERSION = YES_AGGRESSIVE;
				CLANG_CXX_LANGUAGE_STANDARD = "gnu++14";
				CLANG_CXX_LIBRARY = "libc++";
				CLANG_ENABLE_MODULES = YES;
				CLANG_ENABLE_OBJC_ARC = YES;
				CLANG_ENABLE_OBJC_WEAK = YES;
				CLANG_WARN_BLOCK_CAPTURE_AUTORELEASING = YES;
				CLANG_WARN_BOOL_CONVERSION = YES;
				CLANG_WARN_COMMA = YES;
				CLANG_WARN_CONSTANT_CONVERSION = YES;
				CLANG_WARN_DEPRECATED_OBJC_IMPLEMENTATIONS = YES;
				CLANG_WARN_DIRECT_OBJC_ISA_USAGE = YES_ERROR;
				CLANG_WARN_DOCUMENTATION_COMMENTS = YES;
				CLANG_WARN_EMPTY_BODY = YES;
				CLANG_WARN_ENUM_CONVERSION = YES;
				CLANG_WARN_INFINITE_RECURSION = YES;
				CLANG_WARN_INT_CONVERSION = YES;
				CLANG_WARN_NON_LITERAL_NULL_CONVERSION = YES;
				CLANG_WARN_OBJC_IMPLICIT_RETAIN_SELF = YES;
				CLANG_WARN_OBJC_LITERAL_CONVERSION = YES;
				CLANG_WARN_OBJC_ROOT_CLASS = YES_ERROR;
				CLANG_WARN_RANGE_LOOP_ANALYSIS = YES;
				CLANG_WARN_STRICT_PROTOTYPES = YES;
				CLANG_WARN_SUSPICIOUS_MOVE = YES;
				CLANG_WARN_UNGUARDED_AVAILABILITY = YES_AGGRESSIVE;
				CLANG_WARN_UNREACHABLE_CODE = YES;
				CLANG_WARN__DUPLICATE_METHOD_MATCH = YES;
				CODE_SIGN_IDENTITY = "iPhone Developer";
				COPY_PHASE_STRIP = NO;
				DEBUG_INFORMATION_FORMAT = "dwarf-with-dsym";
				ENABLE_NS_ASSERTIONS = NO;
				ENABLE_STRICT_OBJC_MSGSEND = YES;
				GCC_C_LANGUAGE_STANDARD = gnu11;
				GCC_NO_COMMON_BLOCKS = YES;
				GCC_WARN_64_TO_32_BIT_CONVERSION = YES;
				GCC_WARN_ABOUT_RETURN_TYPE = YES_ERROR;
				GCC_WARN_UNDECLARED_SELECTOR = YES;
				GCC_WARN_UNINITIALIZED_AUTOS = YES_AGGRESSIVE;
				GCC_WARN_UNUSED_FUNCTION = YES;
				GCC_WARN_UNUSED_VARIABLE = YES;
				IPHONEOS_DEPLOYMENT_TARGET = 11.4;
				MTL_ENABLE_DEBUG_INFO = NO;
				SDKROOT = iphoneos;
				SWIFT_COMPILATION_MODE = wholemodule;
				SWIFT_OPTIMIZATION_LEVEL = "-O";
				VALIDATE_PRODUCT = YES;
			};
			name = Release;
		};
		42EFDCB3210611CD000E9D86 /* Debug */ = {
			isa = XCBuildConfiguration;
			baseConfigurationReference = 4031009FF8599F336B1EB93D /* Pods-weather.debug.xcconfig */;
			buildSettings = {
				ASSETCATALOG_COMPILER_APPICON_NAME = AppIcon;
				CODE_SIGN_STYLE = Automatic;
				DEVELOPMENT_TEAM = 8AUXBABJ48;
				INFOPLIST_FILE = weather/Info.plist;
				IPHONEOS_DEPLOYMENT_TARGET = 11.1;
				LD_RUNPATH_SEARCH_PATHS = (
					"$(inherited)",
					"@executable_path/Frameworks",
				);
				PRODUCT_BUNDLE_IDENTIFIER = alexok.weather;
				PRODUCT_NAME = "$(TARGET_NAME)";
				SWIFT_VERSION = 4.0;
				TARGETED_DEVICE_FAMILY = "1,2";
			};
			name = Debug;
		};
		42EFDCB4210611CD000E9D86 /* Release */ = {
			isa = XCBuildConfiguration;
			baseConfigurationReference = D319B979464A503B8A0456E9 /* Pods-weather.release.xcconfig */;
			buildSettings = {
				ASSETCATALOG_COMPILER_APPICON_NAME = AppIcon;
				CODE_SIGN_STYLE = Automatic;
				DEVELOPMENT_TEAM = 8AUXBABJ48;
				INFOPLIST_FILE = weather/Info.plist;
				IPHONEOS_DEPLOYMENT_TARGET = 11.1;
				LD_RUNPATH_SEARCH_PATHS = (
					"$(inherited)",
					"@executable_path/Frameworks",
				);
				PRODUCT_BUNDLE_IDENTIFIER = alexok.weather;
				PRODUCT_NAME = "$(TARGET_NAME)";
				SWIFT_VERSION = 4.0;
				TARGETED_DEVICE_FAMILY = "1,2";
			};
			name = Release;
		};
/* End XCBuildConfiguration section */

/* Begin XCConfigurationList section */
		42EFDC98210611CB000E9D86 /* Build configuration list for PBXProject "weather" */ = {
			isa = XCConfigurationList;
			buildConfigurations = (
				42EFDCB0210611CD000E9D86 /* Debug */,
				42EFDCB1210611CD000E9D86 /* Release */,
			);
			defaultConfigurationIsVisible = 0;
			defaultConfigurationName = Release;
		};
		42EFDCB2210611CD000E9D86 /* Build configuration list for PBXNativeTarget "weather" */ = {
			isa = XCConfigurationList;
			buildConfigurations = (
				42EFDCB3210611CD000E9D86 /* Debug */,
				42EFDCB4210611CD000E9D86 /* Release */,
			);
			defaultConfigurationIsVisible = 0;
			defaultConfigurationName = Release;
		};
/* End XCConfigurationList section */

/* Begin XCVersionGroup section */
		42EFDCA7210611CB000E9D86 /* weather.xcdatamodeld */ = {
			isa = XCVersionGroup;
			children = (
				42EFDCA8210611CB000E9D86 /* weather.xcdatamodel */,
			);
			currentVersion = 42EFDCA8210611CB000E9D86 /* weather.xcdatamodel */;
			path = weather.xcdatamodeld;
			sourceTree = "<group>";
			versionGroupType = wrapper.xcdatamodel;
		};
/* End XCVersionGroup section */
	};
	rootObject = 42EFDC95210611CB000E9D86 /* Project object */;
}
